{
  "name": "rxjs-tutorial",
  "version": "1.0.0",
  "lockfileVersion": 1,
  "requires": true,
  "dependencies": {
    "rxjs": {
      "version": "6.5.5",
      "resolved": "https://pay360.jfrog.io/pay360/api/npm/npm/rxjs/-/rxjs-6.5.5.tgz",
      "integrity": "sha1-xciE4wlMjP7jG/J+uH5UzPyH+ew=",
      "requires": {
        "tslib": "^1.9.0"
      }
    },
    "tslib": {
      "version": "1.11.2",
      "resolved": "https://pay360.jfrog.io/pay360/api/npm/npm/tslib/-/tslib-1.11.2.tgz",
      "integrity": "sha1-nHnYMnLJp6rxZvc5Fclmfs3ePMk="
    }
  }
}
